
Microsoft Visual Studio Solution File, Format Version 12.00
# Visual Studio Version 17
VisualStudioVersion = 17.7.34202.233
MinimumVisualStudioVersion = 10.0.40219.1
Project("{FAE04EC0-301F-11D3-BF4B-00C04F79EFBC}") = "MagicVilla_API", "MagicVilla_API\MagicVilla_API.csproj", "{E38D1E7E-CAD5-4646-88CA-C0A7A8312D19}"
EndProject
Global
	GlobalSection(SolutionConfigurationPlatforms) = preSolution
		Debug|Any CPU = Debug|Any CPU
		Release|Any CPU = Release|Any CPU
	EndGlobalSection
	GlobalSection(ProjectConfigurationPlatforms) = postSolution
		{E38D1E7E-CAD5-4646-88CA-C0A7A8312D19}.Debug|Any CPU.ActiveCfg = Debug|Any CPU
		{E38D1E7E-CAD5-4646-88CA-C0A7A8312D19}.Debug|Any CPU.Build.0 = Debug|Any CPU
		{E38D1E7E-CAD5-4646-88CA-C0A7A8312D19}.Release|Any CPU.ActiveCfg = Release|Any CPU
		{E38D1E7E-CAD5-4646-88CA-C0A7A8312D19}.Release|Any CPU.Build.0 = Release|Any CPU
	EndGlobalSection
	GlobalSection(SolutionProperties) = preSolution
		HideSolutionNode = FALSE
	EndGlobalSection
	GlobalSection(ExtensibilityGlobals) = postSolution
		SolutionGuid = {2982262B-112E-4CAD-ADEE-2BFCC5F1808E}
	EndGlobalSection
EndGlobal
